Microsoft Visual Studio Solution File, Format Version 12.00
# Visual Studio Version 17
VisualStudioVersion = 17.5.2.0
MinimumVisualStudioVersion = 10.0.40219.1
Project("{FAE04EC0-301F-11D3-BF4B-00C04F79EFBC}") = "lab1v7", "lab1v7\lab1v7.csproj", "{DF0EAE80-C4D9-5EE8-0A29-0A61EB1E88B0}"
EndProject
Global
	GlobalSection(SolutionConfigurationPlatforms) = preSolution
		Debug|Any CPU = Debug|Any CPU
		Release|Any CPU = Release|Any CPU
	EndGlobalSection
	GlobalSection(ProjectConfigurationPlatforms) = postSolution
		{DF0EAE80-C4D9-5EE8-0A29-0A61EB1E88B0}.Debug|Any CPU.ActiveCfg = Debug|Any CPU
		{DF0EAE80-C4D9-5EE8-0A29-0A61EB1E88B0}.Debug|Any CPU.Build.0 = Debug|Any CPU
		{DF0EAE80-C4D9-5EE8-0A29-0A61EB1E88B0}.Release|Any CPU.ActiveCfg = Release|Any CPU
		{DF0EAE80-C4D9-5EE8-0A29-0A61EB1E88B0}.Release|Any CPU.Build.0 = Release|Any CPU
	EndGlobalSection
	GlobalSection(SolutionProperties) = preSolution
		HideSolutionNode = FALSE
	EndGlobalSection
	GlobalSection(ExtensibilityGlobals) = postSolution
		SolutionGuid = {73C8DBDF-7472-4728-851C-CB27719117F9}
	EndGlobalSection
EndGlobal
